
Microsoft Visual Studio Solution File, Format Version 12.00
# Visual Studio Version 17
VisualStudioVersion = 17.2.32505.173
MinimumVisualStudioVersion = 10.0.40219.1
Project("{FAE04EC0-301F-11D3-BF4B-00C04F79EFBC}") = "ByteBank.SistemaAgencia", "ByteBank.SistemaAgencia\ByteBank.SistemaAgencia.csproj", "{ABC5466D-FB90-4566-BCC4-B0118CABABA7}"
EndProject
Project("{FAE04EC0-301F-11D3-BF4B-00C04F79EFBC}") = "ByteBank.Modelos", "ByteBank.Modelos\ByteBank.Modelos.csproj", "{9BD2102C-0D4F-4464-9D15-6E274FAE90DE}"
EndProject
Global
	GlobalSection(SolutionConfigurationPlatforms) = preSolution
		Debug|Any CPU = Debug|Any CPU
		Release|Any CPU = Release|Any CPU
	EndGlobalSection
	GlobalSection(ProjectConfigurationPlatforms) = postSolution
		{ABC5466D-FB90-4566-BCC4-B0118CABABA7}.Debug|Any CPU.ActiveCfg = Debug|Any CPU
		{ABC5466D-FB90-4566-BCC4-B0118CABABA7}.Debug|Any CPU.Build.0 = Debug|Any CPU
		{ABC5466D-FB90-4566-BCC4-B0118CABABA7}.Release|Any CPU.ActiveCfg = Release|Any CPU
		{ABC5466D-FB90-4566-BCC4-B0118CABABA7}.Release|Any CPU.Build.0 = Release|Any CPU
		{9BD2102C-0D4F-4464-9D15-6E274FAE90DE}.Debug|Any CPU.ActiveCfg = Debug|Any CPU
		{9BD2102C-0D4F-4464-9D15-6E274FAE90DE}.Debug|Any CPU.Build.0 = Debug|Any CPU
		{9BD2102C-0D4F-4464-9D15-6E274FAE90DE}.Release|Any CPU.ActiveCfg = Release|Any CPU
		{9BD2102C-0D4F-4464-9D15-6E274FAE90DE}.Release|Any CPU.Build.0 = Release|Any CPU
	EndGlobalSection
	GlobalSection(SolutionProperties) = preSolution
		HideSolutionNode = FALSE
	EndGlobalSection
	GlobalSection(ExtensibilityGlobals) = postSolution
		SolutionGuid = {79638FDA-607F-4A34-897B-A5FC96BD17A2}
	EndGlobalSection
EndGlobal
