
Microsoft Visual Studio Solution File, Format Version 12.00
# Visual Studio Version 17
VisualStudioVersion = 17.2.32505.173
MinimumVisualStudioVersion = 10.0.40219.1
Project("{FAE04EC0-301F-11D3-BF4B-00C04F79EFBC}") = "Funcionarios_ByteBank", "Funcionarios_ByteBank\Funcionarios_ByteBank.csproj", "{427E0594-F0D9-4E3E-A8BF-133DE4C76CE8}"
EndProject
Global
	GlobalSection(SolutionConfigurationPlatforms) = preSolution
		Debug|Any CPU = Debug|Any CPU
		Release|Any CPU = Release|Any CPU
	EndGlobalSection
	GlobalSection(ProjectConfigurationPlatforms) = postSolution
		{427E0594-F0D9-4E3E-A8BF-133DE4C76CE8}.Debug|Any CPU.ActiveCfg = Debug|Any CPU
		{427E0594-F0D9-4E3E-A8BF-133DE4C76CE8}.Debug|Any CPU.Build.0 = Debug|Any CPU
		{427E0594-F0D9-4E3E-A8BF-133DE4C76CE8}.Release|Any CPU.ActiveCfg = Release|Any CPU
		{427E0594-F0D9-4E3E-A8BF-133DE4C76CE8}.Release|Any CPU.Build.0 = Release|Any CPU
	EndGlobalSection
	GlobalSection(SolutionProperties) = preSolution
		HideSolutionNode = FALSE
	EndGlobalSection
	GlobalSection(ExtensibilityGlobals) = postSolution
		SolutionGuid = {824C3691-FF39-4327-A24F-D1A7A3FD7DCB}
	EndGlobalSection
EndGlobal
